
Microsoft Visual Studio Solution File, Format Version 12.00
# Visual Studio Version 16
VisualStudioVersion = 25.0.1706.9
MinimumVisualStudioVersion = 10.0.40219.1
Project("{FAE04EC0-301F-11D3-BF4B-00C04F79EFBC}") = "experiencias strings", "experiencias strings\experiencias strings.csproj", "{59D98FFD-FEF2-4CB2-86AA-5BD304AA6AFA}"
EndProject
Global
	GlobalSection(SolutionConfigurationPlatforms) = preSolution
		Debug|Any CPU = Debug|Any CPU
		Release|Any CPU = Release|Any CPU
	EndGlobalSection
	GlobalSection(ProjectConfigurationPlatforms) = postSolution
		{59D98FFD-FEF2-4CB2-86AA-5BD304AA6AFA}.Debug|Any CPU.ActiveCfg = Debug|Any CPU
		{59D98FFD-FEF2-4CB2-86AA-5BD304AA6AFA}.Debug|Any CPU.Build.0 = Debug|Any CPU
		{59D98FFD-FEF2-4CB2-86AA-5BD304AA6AFA}.Release|Any CPU.ActiveCfg = Release|Any CPU
		{59D98FFD-FEF2-4CB2-86AA-5BD304AA6AFA}.Release|Any CPU.Build.0 = Release|Any CPU
	EndGlobalSection
	GlobalSection(SolutionProperties) = preSolution
		HideSolutionNode = FALSE
	EndGlobalSection
	GlobalSection(ExtensibilityGlobals) = postSolution
		SolutionGuid = {298C2D56-EF6D-414A-B3A9-96648BE4998A}
	EndGlobalSection
EndGlobal
