
Microsoft Visual Studio Solution File, Format Version 12.00
# Visual Studio Version 16
VisualStudioVersion = 25.0.1706.10
MinimumVisualStudioVersion = 10.0.40219.1
Project("{FAE04EC0-301F-11D3-BF4B-00C04F79EFBC}") = "Teste", "Teste\Teste.csproj", "{8513A1D2-BEA2-4D5E-99D9-036036D6A088}"
EndProject
Global
	GlobalSection(SolutionConfigurationPlatforms) = preSolution
		Debug|Any CPU = Debug|Any CPU
		Release|Any CPU = Release|Any CPU
	EndGlobalSection
	GlobalSection(ProjectConfigurationPlatforms) = postSolution
		{8513A1D2-BEA2-4D5E-99D9-036036D6A088}.Debug|Any CPU.ActiveCfg = Debug|Any CPU
		{8513A1D2-BEA2-4D5E-99D9-036036D6A088}.Debug|Any CPU.Build.0 = Debug|Any CPU
		{8513A1D2-BEA2-4D5E-99D9-036036D6A088}.Release|Any CPU.ActiveCfg = Release|Any CPU
		{8513A1D2-BEA2-4D5E-99D9-036036D6A088}.Release|Any CPU.Build.0 = Release|Any CPU
	EndGlobalSection
	GlobalSection(SolutionProperties) = preSolution
		HideSolutionNode = FALSE
	EndGlobalSection
	GlobalSection(ExtensibilityGlobals) = postSolution
		SolutionGuid = {C171B980-96AB-4410-B130-2A4C93A5BA7E}
	EndGlobalSection
EndGlobal
