
Microsoft Visual Studio Solution File, Format Version 12.00
# Visual Studio Version 17
VisualStudioVersion = 17.5.33516.290
MinimumVisualStudioVersion = 10.0.40219.1
Project("{FAE04EC0-301F-11D3-BF4B-00C04F79EFBC}") = "Ficha3", "Ficha3.csproj", "{95CDAEDB-C67E-44CB-9098-5DEBF4205518}"
EndProject
Global
	GlobalSection(SolutionConfigurationPlatforms) = preSolution
		Debug|Any CPU = Debug|Any CPU
		Release|Any CPU = Release|Any CPU
	EndGlobalSection
	GlobalSection(ProjectConfigurationPlatforms) = postSolution
		{95CDAEDB-C67E-44CB-9098-5DEBF4205518}.Debug|Any CPU.ActiveCfg = Debug|Any CPU
		{95CDAEDB-C67E-44CB-9098-5DEBF4205518}.Debug|Any CPU.Build.0 = Debug|Any CPU
		{95CDAEDB-C67E-44CB-9098-5DEBF4205518}.Release|Any CPU.ActiveCfg = Release|Any CPU
		{95CDAEDB-C67E-44CB-9098-5DEBF4205518}.Release|Any CPU.Build.0 = Release|Any CPU
	EndGlobalSection
	GlobalSection(SolutionProperties) = preSolution
		HideSolutionNode = FALSE
	EndGlobalSection
	GlobalSection(ExtensibilityGlobals) = postSolution
		SolutionGuid = {A0887A69-1AD2-42F7-B0A5-BA47F79603E2}
	EndGlobalSection
EndGlobal
