
Microsoft Visual Studio Solution File, Format Version 12.00
# Visual Studio Version 16
VisualStudioVersion = 25.0.1706.9
MinimumVisualStudioVersion = 10.0.40219.1
Project("{FAE04EC0-301F-11D3-BF4B-00C04F79EFBC}") = "Teste De Avaliação", "Teste De Avaliação\Teste De Avaliação.csproj", "{C7E5F712-3918-485C-8838-2113D637BD4A}"
EndProject
Global
	GlobalSection(SolutionConfigurationPlatforms) = preSolution
		Debug|Any CPU = Debug|Any CPU
		Release|Any CPU = Release|Any CPU
	EndGlobalSection
	GlobalSection(ProjectConfigurationPlatforms) = postSolution
		{C7E5F712-3918-485C-8838-2113D637BD4A}.Debug|Any CPU.ActiveCfg = Debug|Any CPU
		{C7E5F712-3918-485C-8838-2113D637BD4A}.Debug|Any CPU.Build.0 = Debug|Any CPU
		{C7E5F712-3918-485C-8838-2113D637BD4A}.Release|Any CPU.ActiveCfg = Release|Any CPU
		{C7E5F712-3918-485C-8838-2113D637BD4A}.Release|Any CPU.Build.0 = Release|Any CPU
	EndGlobalSection
	GlobalSection(SolutionProperties) = preSolution
		HideSolutionNode = FALSE
	EndGlobalSection
	GlobalSection(ExtensibilityGlobals) = postSolution
		SolutionGuid = {FB70DB59-AC55-4894-87D8-11CD339C9C89}
	EndGlobalSection
EndGlobal
