
Microsoft Visual Studio Solution File, Format Version 12.00
# Visual Studio Version 16
VisualStudioVersion = 25.0.1706.7
MinimumVisualStudioVersion = 10.0.40219.1
Project("{FAE04EC0-301F-11D3-BF4B-00C04F79EFBC}") = "exercicio 4", "exercicio 4\exercicio 4.csproj", "{892C67CB-4084-4CD6-82F1-2927CDBD0FFE}"
EndProject
Global
	GlobalSection(SolutionConfigurationPlatforms) = preSolution
		Debug|Any CPU = Debug|Any CPU
		Release|Any CPU = Release|Any CPU
	EndGlobalSection
	GlobalSection(ProjectConfigurationPlatforms) = postSolution
		{892C67CB-4084-4CD6-82F1-2927CDBD0FFE}.Debug|Any CPU.ActiveCfg = Debug|Any CPU
		{892C67CB-4084-4CD6-82F1-2927CDBD0FFE}.Debug|Any CPU.Build.0 = Debug|Any CPU
		{892C67CB-4084-4CD6-82F1-2927CDBD0FFE}.Release|Any CPU.ActiveCfg = Release|Any CPU
		{892C67CB-4084-4CD6-82F1-2927CDBD0FFE}.Release|Any CPU.Build.0 = Release|Any CPU
	EndGlobalSection
	GlobalSection(SolutionProperties) = preSolution
		HideSolutionNode = FALSE
	EndGlobalSection
	GlobalSection(ExtensibilityGlobals) = postSolution
		SolutionGuid = {F5C01676-93E0-4A1B-95D7-D942D9DBBD7A}
	EndGlobalSection
EndGlobal
