
Microsoft Visual Studio Solution File, Format Version 12.00
# Visual Studio Version 16
VisualStudioVersion = 16.0.29920.165
MinimumVisualStudioVersion = 10.0.40219.1
Project("{FAE04EC0-301F-11D3-BF4B-00C04F79EFBC}") = "Exercicio1", "Exercicio1\Exercicio1.csproj", "{2EBB064D-3C37-47D6-A8DC-F8795345DCCE}"
EndProject
Project("{FAE04EC0-301F-11D3-BF4B-00C04F79EFBC}") = "Exercicio2", "Exercicio2\Exercicio2.csproj", "{EAA8C731-1687-4E1E-9A60-C19FC2C9D396}"
EndProject
Project("{FAE04EC0-301F-11D3-BF4B-00C04F79EFBC}") = "Exercicio3", "Exercicio3\Exercicio3.csproj", "{D5E699D5-B566-44C8-B400-9B25A43BE666}"
EndProject
Global
	GlobalSection(SolutionConfigurationPlatforms) = preSolution
		Debug|Any CPU = Debug|Any CPU
		Release|Any CPU = Release|Any CPU
	EndGlobalSection
	GlobalSection(ProjectConfigurationPlatforms) = postSolution
		{2EBB064D-3C37-47D6-A8DC-F8795345DCCE}.Debug|Any CPU.ActiveCfg = Debug|Any CPU
		{2EBB064D-3C37-47D6-A8DC-F8795345DCCE}.Debug|Any CPU.Build.0 = Debug|Any CPU
		{2EBB064D-3C37-47D6-A8DC-F8795345DCCE}.Release|Any CPU.ActiveCfg = Release|Any CPU
		{2EBB064D-3C37-47D6-A8DC-F8795345DCCE}.Release|Any CPU.Build.0 = Release|Any CPU
		{EAA8C731-1687-4E1E-9A60-C19FC2C9D396}.Debug|Any CPU.ActiveCfg = Debug|Any CPU
		{EAA8C731-1687-4E1E-9A60-C19FC2C9D396}.Debug|Any CPU.Build.0 = Debug|Any CPU
		{EAA8C731-1687-4E1E-9A60-C19FC2C9D396}.Release|Any CPU.ActiveCfg = Release|Any CPU
		{EAA8C731-1687-4E1E-9A60-C19FC2C9D396}.Release|Any CPU.Build.0 = Release|Any CPU
		{D5E699D5-B566-44C8-B400-9B25A43BE666}.Debug|Any CPU.ActiveCfg = Debug|Any CPU
		{D5E699D5-B566-44C8-B400-9B25A43BE666}.Debug|Any CPU.Build.0 = Debug|Any CPU
		{D5E699D5-B566-44C8-B400-9B25A43BE666}.Release|Any CPU.ActiveCfg = Release|Any CPU
		{D5E699D5-B566-44C8-B400-9B25A43BE666}.Release|Any CPU.Build.0 = Release|Any CPU
	EndGlobalSection
	GlobalSection(SolutionProperties) = preSolution
		HideSolutionNode = FALSE
	EndGlobalSection
	GlobalSection(ExtensibilityGlobals) = postSolution
		SolutionGuid = {F4361B1A-7151-4440-8A2A-76BEBEAF3222}
	EndGlobalSection
EndGlobal
