
Microsoft Visual Studio Solution File, Format Version 12.00
# Visual Studio Version 17
VisualStudioVersion = 17.9.34728.123
MinimumVisualStudioVersion = 10.0.40219.1
Project("{FAE04EC0-301F-11D3-BF4B-00C04F79EFBC}") = "1 Pograma", "1 Pograma.csproj", "{C566FEA1-07AA-49AE-9C72-E8CABA29BC3C}"
EndProject
Global
	GlobalSection(SolutionConfigurationPlatforms) = preSolution
		Debug|Any CPU = Debug|Any CPU
		Release|Any CPU = Release|Any CPU
	EndGlobalSection
	GlobalSection(ProjectConfigurationPlatforms) = postSolution
		{C566FEA1-07AA-49AE-9C72-E8CABA29BC3C}.Debug|Any CPU.ActiveCfg = Debug|Any CPU
		{C566FEA1-07AA-49AE-9C72-E8CABA29BC3C}.Debug|Any CPU.Build.0 = Debug|Any CPU
		{C566FEA1-07AA-49AE-9C72-E8CABA29BC3C}.Release|Any CPU.ActiveCfg = Release|Any CPU
		{C566FEA1-07AA-49AE-9C72-E8CABA29BC3C}.Release|Any CPU.Build.0 = Release|Any CPU
	EndGlobalSection
	GlobalSection(SolutionProperties) = preSolution
		HideSolutionNode = FALSE
	EndGlobalSection
	GlobalSection(ExtensibilityGlobals) = postSolution
		SolutionGuid = {77058E1D-F1C9-4584-B8AA-B09529D5CDAA}
	EndGlobalSection
EndGlobal
