
Microsoft Visual Studio Solution File, Format Version 12.00
# Visual Studio Version 16
VisualStudioVersion = 25.0.1706.9
MinimumVisualStudioVersion = 10.0.40219.1
Project("{FAE04EC0-301F-11D3-BF4B-00C04F79EFBC}") = "experiencias Estruturas de Dados Compostas", "experiencias Estruturas de Dados Compostas\experiencias Estruturas de Dados Compostas.csproj", "{737C3D76-71C6-4D66-8B7D-37C85767216C}"
EndProject
Global
	GlobalSection(SolutionConfigurationPlatforms) = preSolution
		Debug|Any CPU = Debug|Any CPU
		Release|Any CPU = Release|Any CPU
	EndGlobalSection
	GlobalSection(ProjectConfigurationPlatforms) = postSolution
		{737C3D76-71C6-4D66-8B7D-37C85767216C}.Debug|Any CPU.ActiveCfg = Debug|Any CPU
		{737C3D76-71C6-4D66-8B7D-37C85767216C}.Debug|Any CPU.Build.0 = Debug|Any CPU
		{737C3D76-71C6-4D66-8B7D-37C85767216C}.Release|Any CPU.ActiveCfg = Release|Any CPU
		{737C3D76-71C6-4D66-8B7D-37C85767216C}.Release|Any CPU.Build.0 = Release|Any CPU
	EndGlobalSection
	GlobalSection(SolutionProperties) = preSolution
		HideSolutionNode = FALSE
	EndGlobalSection
	GlobalSection(ExtensibilityGlobals) = postSolution
		SolutionGuid = {8BBE90FB-A51B-4565-9454-2DC6B52ECC50}
	EndGlobalSection
EndGlobal
