
Microsoft Visual Studio Solution File, Format Version 12.00
# Visual Studio Version 17
VisualStudioVersion = 17.9.34728.123
MinimumVisualStudioVersion = 10.0.40219.1
Project("{FAE04EC0-301F-11D3-BF4B-00C04F79EFBC}") = "Ex 5", "Ex 5.csproj", "{5A7062A3-16C7-426A-B155-128652BA494D}"
EndProject
Global
	GlobalSection(SolutionConfigurationPlatforms) = preSolution
		Debug|Any CPU = Debug|Any CPU
		Release|Any CPU = Release|Any CPU
	EndGlobalSection
	GlobalSection(ProjectConfigurationPlatforms) = postSolution
		{5A7062A3-16C7-426A-B155-128652BA494D}.Debug|Any CPU.ActiveCfg = Debug|Any CPU
		{5A7062A3-16C7-426A-B155-128652BA494D}.Debug|Any CPU.Build.0 = Debug|Any CPU
		{5A7062A3-16C7-426A-B155-128652BA494D}.Release|Any CPU.ActiveCfg = Release|Any CPU
		{5A7062A3-16C7-426A-B155-128652BA494D}.Release|Any CPU.Build.0 = Release|Any CPU
	EndGlobalSection
	GlobalSection(SolutionProperties) = preSolution
		HideSolutionNode = FALSE
	EndGlobalSection
	GlobalSection(ExtensibilityGlobals) = postSolution
		SolutionGuid = {AF82AB72-E17D-4DDD-8420-782CD6BE9D80}
	EndGlobalSection
EndGlobal
