
Microsoft Visual Studio Solution File, Format Version 12.00
# Visual Studio Version 16
VisualStudioVersion = 25.0.1706.9
MinimumVisualStudioVersion = 10.0.40219.1
Project("{FAE04EC0-301F-11D3-BF4B-00C04F79EFBC}") = "Jogo (Páscoa)", "Jogo (Páscoa)\Jogo (Páscoa).csproj", "{C1BBD39D-17A3-4B85-B1C2-44729CA8E95E}"
EndProject
Global
	GlobalSection(SolutionConfigurationPlatforms) = preSolution
		Debug|Any CPU = Debug|Any CPU
		Release|Any CPU = Release|Any CPU
	EndGlobalSection
	GlobalSection(ProjectConfigurationPlatforms) = postSolution
		{C1BBD39D-17A3-4B85-B1C2-44729CA8E95E}.Debug|Any CPU.ActiveCfg = Debug|Any CPU
		{C1BBD39D-17A3-4B85-B1C2-44729CA8E95E}.Debug|Any CPU.Build.0 = Debug|Any CPU
		{C1BBD39D-17A3-4B85-B1C2-44729CA8E95E}.Release|Any CPU.ActiveCfg = Release|Any CPU
		{C1BBD39D-17A3-4B85-B1C2-44729CA8E95E}.Release|Any CPU.Build.0 = Release|Any CPU
	EndGlobalSection
	GlobalSection(SolutionProperties) = preSolution
		HideSolutionNode = FALSE
	EndGlobalSection
	GlobalSection(ExtensibilityGlobals) = postSolution
		SolutionGuid = {CE4E3471-2732-4927-B803-1958435A82BB}
	EndGlobalSection
EndGlobal
