
Microsoft Visual Studio Solution File, Format Version 12.00
# Visual Studio Version 17
VisualStudioVersion = 17.9.34728.123
MinimumVisualStudioVersion = 10.0.40219.1
Project("{FAE04EC0-301F-11D3-BF4B-00C04F79EFBC}") = "Ex 4", "Ex 4.csproj", "{EB2CFCF3-6D02-4E4D-BD37-ABC67A7220B4}"
EndProject
Global
	GlobalSection(SolutionConfigurationPlatforms) = preSolution
		Debug|Any CPU = Debug|Any CPU
		Release|Any CPU = Release|Any CPU
	EndGlobalSection
	GlobalSection(ProjectConfigurationPlatforms) = postSolution
		{EB2CFCF3-6D02-4E4D-BD37-ABC67A7220B4}.Debug|Any CPU.ActiveCfg = Debug|Any CPU
		{EB2CFCF3-6D02-4E4D-BD37-ABC67A7220B4}.Debug|Any CPU.Build.0 = Debug|Any CPU
		{EB2CFCF3-6D02-4E4D-BD37-ABC67A7220B4}.Release|Any CPU.ActiveCfg = Release|Any CPU
		{EB2CFCF3-6D02-4E4D-BD37-ABC67A7220B4}.Release|Any CPU.Build.0 = Release|Any CPU
	EndGlobalSection
	GlobalSection(SolutionProperties) = preSolution
		HideSolutionNode = FALSE
	EndGlobalSection
	GlobalSection(ExtensibilityGlobals) = postSolution
		SolutionGuid = {8FFD34C4-DA75-40EA-8FAF-4594FC42BD3B}
	EndGlobalSection
EndGlobal
