
Microsoft Visual Studio Solution File, Format Version 12.00
# Visual Studio Version 16
VisualStudioVersion = 25.0.1706.8
MinimumVisualStudioVersion = 10.0.40219.1
Project("{FAE04EC0-301F-11D3-BF4B-00C04F79EFBC}") = "pyton experiencias", "pyton experiencias\pyton experiencias.csproj", "{852081F4-FAA7-41CF-AF65-EDF08121EB6D}"
EndProject
Global
	GlobalSection(SolutionConfigurationPlatforms) = preSolution
		Debug|Any CPU = Debug|Any CPU
		Release|Any CPU = Release|Any CPU
	EndGlobalSection
	GlobalSection(ProjectConfigurationPlatforms) = postSolution
		{852081F4-FAA7-41CF-AF65-EDF08121EB6D}.Debug|Any CPU.ActiveCfg = Debug|Any CPU
		{852081F4-FAA7-41CF-AF65-EDF08121EB6D}.Debug|Any CPU.Build.0 = Debug|Any CPU
		{852081F4-FAA7-41CF-AF65-EDF08121EB6D}.Release|Any CPU.ActiveCfg = Release|Any CPU
		{852081F4-FAA7-41CF-AF65-EDF08121EB6D}.Release|Any CPU.Build.0 = Release|Any CPU
	EndGlobalSection
	GlobalSection(SolutionProperties) = preSolution
		HideSolutionNode = FALSE
	EndGlobalSection
	GlobalSection(ExtensibilityGlobals) = postSolution
		SolutionGuid = {1307AAA1-5111-4FEC-99D4-793EF6F07B3E}
	EndGlobalSection
EndGlobal
