
Microsoft Visual Studio Solution File, Format Version 12.00
# Visual Studio Version 17
VisualStudioVersion = 17.9.34728.123
MinimumVisualStudioVersion = 10.0.40219.1
Project("{FAE04EC0-301F-11D3-BF4B-00C04F79EFBC}") = "Ex 2", "Ex 2.csproj", "{224B94C6-72FE-4CB8-A296-E51D1D7923F7}"
EndProject
Global
	GlobalSection(SolutionConfigurationPlatforms) = preSolution
		Debug|Any CPU = Debug|Any CPU
		Release|Any CPU = Release|Any CPU
	EndGlobalSection
	GlobalSection(ProjectConfigurationPlatforms) = postSolution
		{224B94C6-72FE-4CB8-A296-E51D1D7923F7}.Debug|Any CPU.ActiveCfg = Debug|Any CPU
		{224B94C6-72FE-4CB8-A296-E51D1D7923F7}.Debug|Any CPU.Build.0 = Debug|Any CPU
		{224B94C6-72FE-4CB8-A296-E51D1D7923F7}.Release|Any CPU.ActiveCfg = Release|Any CPU
		{224B94C6-72FE-4CB8-A296-E51D1D7923F7}.Release|Any CPU.Build.0 = Release|Any CPU
	EndGlobalSection
	GlobalSection(SolutionProperties) = preSolution
		HideSolutionNode = FALSE
	EndGlobalSection
	GlobalSection(ExtensibilityGlobals) = postSolution
		SolutionGuid = {3A84A3D7-80DE-40A1-A285-7D2BE5A34A24}
	EndGlobalSection
EndGlobal
