
Microsoft Visual Studio Solution File, Format Version 12.00
# Visual Studio Version 17
VisualStudioVersion = 17.9.34728.123
MinimumVisualStudioVersion = 10.0.40219.1
Project("{FAE04EC0-301F-11D3-BF4B-00C04F79EFBC}") = "3 Programa", "3 Programa.csproj", "{5DE8383E-E2E1-4703-926E-76AE19063447}"
EndProject
Global
	GlobalSection(SolutionConfigurationPlatforms) = preSolution
		Debug|Any CPU = Debug|Any CPU
		Release|Any CPU = Release|Any CPU
	EndGlobalSection
	GlobalSection(ProjectConfigurationPlatforms) = postSolution
		{5DE8383E-E2E1-4703-926E-76AE19063447}.Debug|Any CPU.ActiveCfg = Debug|Any CPU
		{5DE8383E-E2E1-4703-926E-76AE19063447}.Debug|Any CPU.Build.0 = Debug|Any CPU
		{5DE8383E-E2E1-4703-926E-76AE19063447}.Release|Any CPU.ActiveCfg = Release|Any CPU
		{5DE8383E-E2E1-4703-926E-76AE19063447}.Release|Any CPU.Build.0 = Release|Any CPU
	EndGlobalSection
	GlobalSection(SolutionProperties) = preSolution
		HideSolutionNode = FALSE
	EndGlobalSection
	GlobalSection(ExtensibilityGlobals) = postSolution
		SolutionGuid = {19CD9499-2950-4F73-B484-7DEF17682D55}
	EndGlobalSection
EndGlobal
