
Microsoft Visual Studio Solution File, Format Version 12.00
# Visual Studio Version 17
VisualStudioVersion = 17.5.33516.290
MinimumVisualStudioVersion = 10.0.40219.1
Project("{FAE04EC0-301F-11D3-BF4B-00C04F79EFBC}") = "Ficha4", "Ficha4.csproj", "{584E69AD-316A-482A-919C-C53F12048DDE}"
EndProject
Global
	GlobalSection(SolutionConfigurationPlatforms) = preSolution
		Debug|Any CPU = Debug|Any CPU
		Release|Any CPU = Release|Any CPU
	EndGlobalSection
	GlobalSection(ProjectConfigurationPlatforms) = postSolution
		{584E69AD-316A-482A-919C-C53F12048DDE}.Debug|Any CPU.ActiveCfg = Debug|Any CPU
		{584E69AD-316A-482A-919C-C53F12048DDE}.Debug|Any CPU.Build.0 = Debug|Any CPU
		{584E69AD-316A-482A-919C-C53F12048DDE}.Release|Any CPU.ActiveCfg = Release|Any CPU
		{584E69AD-316A-482A-919C-C53F12048DDE}.Release|Any CPU.Build.0 = Release|Any CPU
	EndGlobalSection
	GlobalSection(SolutionProperties) = preSolution
		HideSolutionNode = FALSE
	EndGlobalSection
	GlobalSection(ExtensibilityGlobals) = postSolution
		SolutionGuid = {8D40CD0F-77F2-4AE9-8FCE-4C69323475C7}
	EndGlobalSection
EndGlobal
