
Microsoft Visual Studio Solution File, Format Version 12.00
# Visual Studio Version 17
VisualStudioVersion = 17.9.34728.123
MinimumVisualStudioVersion = 10.0.40219.1
Project("{FAE04EC0-301F-11D3-BF4B-00C04F79EFBC}") = "Teste de Avaliação Simão Rodrigues nº10", "Teste de Avaliação Simão Rodrigues nº10.csproj", "{1A344362-2984-457E-9A88-43158900D29B}"
EndProject
Global
	GlobalSection(SolutionConfigurationPlatforms) = preSolution
		Debug|Any CPU = Debug|Any CPU
		Release|Any CPU = Release|Any CPU
	EndGlobalSection
	GlobalSection(ProjectConfigurationPlatforms) = postSolution
		{1A344362-2984-457E-9A88-43158900D29B}.Debug|Any CPU.ActiveCfg = Debug|Any CPU
		{1A344362-2984-457E-9A88-43158900D29B}.Debug|Any CPU.Build.0 = Debug|Any CPU
		{1A344362-2984-457E-9A88-43158900D29B}.Release|Any CPU.ActiveCfg = Release|Any CPU
		{1A344362-2984-457E-9A88-43158900D29B}.Release|Any CPU.Build.0 = Release|Any CPU
	EndGlobalSection
	GlobalSection(SolutionProperties) = preSolution
		HideSolutionNode = FALSE
	EndGlobalSection
	GlobalSection(ExtensibilityGlobals) = postSolution
		SolutionGuid = {4BD29C39-96F5-4E61-BB87-D35F862B6147}
	EndGlobalSection
EndGlobal
