
Microsoft Visual Studio Solution File, Format Version 12.00
# Visual Studio Version 16
VisualStudioVersion = 16.0.29920.165
MinimumVisualStudioVersion = 10.0.40219.1
Project("{FAE04EC0-301F-11D3-BF4B-00C04F79EFBC}") = "Gestor SMS", "Gestor SMS.csproj", "{344BACA6-E53F-461D-991A-7C5D3FD7E7AF}"
EndProject
Global
	GlobalSection(SolutionConfigurationPlatforms) = preSolution
		Debug|Any CPU = Debug|Any CPU
		Release|Any CPU = Release|Any CPU
	EndGlobalSection
	GlobalSection(ProjectConfigurationPlatforms) = postSolution
		{344BACA6-E53F-461D-991A-7C5D3FD7E7AF}.Debug|Any CPU.ActiveCfg = Debug|Any CPU
		{344BACA6-E53F-461D-991A-7C5D3FD7E7AF}.Debug|Any CPU.Build.0 = Debug|Any CPU
		{344BACA6-E53F-461D-991A-7C5D3FD7E7AF}.Release|Any CPU.ActiveCfg = Release|Any CPU
		{344BACA6-E53F-461D-991A-7C5D3FD7E7AF}.Release|Any CPU.Build.0 = Release|Any CPU
	EndGlobalSection
	GlobalSection(SolutionProperties) = preSolution
		HideSolutionNode = FALSE
	EndGlobalSection
	GlobalSection(ExtensibilityGlobals) = postSolution
		SolutionGuid = {C1543285-409E-440D-8738-C962159EC470}
	EndGlobalSection
EndGlobal
