
Microsoft Visual Studio Solution File, Format Version 12.00
# Visual Studio Version 17
VisualStudioVersion = 17.9.34728.123
MinimumVisualStudioVersion = 10.0.40219.1
Project("{FAE04EC0-301F-11D3-BF4B-00C04F79EFBC}") = "Ex 2", "Ex 2.csproj", "{87BF2A50-C3BA-43E8-81D1-DE5EEE60941A}"
EndProject
Global
	GlobalSection(SolutionConfigurationPlatforms) = preSolution
		Debug|Any CPU = Debug|Any CPU
		Release|Any CPU = Release|Any CPU
	EndGlobalSection
	GlobalSection(ProjectConfigurationPlatforms) = postSolution
		{87BF2A50-C3BA-43E8-81D1-DE5EEE60941A}.Debug|Any CPU.ActiveCfg = Debug|Any CPU
		{87BF2A50-C3BA-43E8-81D1-DE5EEE60941A}.Debug|Any CPU.Build.0 = Debug|Any CPU
		{87BF2A50-C3BA-43E8-81D1-DE5EEE60941A}.Release|Any CPU.ActiveCfg = Release|Any CPU
		{87BF2A50-C3BA-43E8-81D1-DE5EEE60941A}.Release|Any CPU.Build.0 = Release|Any CPU
	EndGlobalSection
	GlobalSection(SolutionProperties) = preSolution
		HideSolutionNode = FALSE
	EndGlobalSection
	GlobalSection(ExtensibilityGlobals) = postSolution
		SolutionGuid = {5F68BB2C-5337-4842-802A-4A07FD836E52}
	EndGlobalSection
EndGlobal
